// !$*UTF8*$!
{
	archiveVersion = 1;
	classes = {
	};
	objectVersion = 46;
	objects = {

/* Begin PBXBuildFile section */
		C013F25E1BB419A9006D2D5E /* main.m in Sources */ = {isa = PBXBuildFile; fileRef = C013F25D1BB419A9006D2D5E /* main.m */; };
		C013F2611BB419A9006D2D5E /* AppDelegate.m in Sources */ = {isa = PBXBuildFile; fileRef = C013F2601BB419A9006D2D5E /* AppDelegate.m */; };
		C013F2641BB419A9006D2D5E /* ViewController.m in Sources */ = {isa = PBXBuildFile; fileRef = C013F2631BB419A9006D2D5E /* ViewController.m */; };
		C013F2671BB419A9006D2D5E /* Main.storyboard in Resources */ = {isa = PBXBuildFile; fileRef = C013F2651BB419A9006D2D5E /* Main.storyboard */; };
		C013F2691BB419A9006D2D5E /* Images.xcassets in Resources */ = {isa = PBXBuildFile; fileRef = C013F2681BB419A9006D2D5E /* Images.xcassets */; };
		C013F26C1BB419A9006D2D5E /* LaunchScreen.xib in Resources */ = {isa = PBXBuildFile; fileRef = C013F26A1BB419A9006D2D5E /* LaunchScreen.xib */; };
		C013F2781BB419A9006D2D5E /* ____demoTests.m in Sources */ = {isa = PBXBuildFile; fileRef = C013F2771BB419A9006D2D5E /* ____demoTests.m */; };
/* End PBXBuildFile section */

/* Begin PBXContainerItemProxy section */
		C013F2721BB419A9006D2D5E /* PBXContainerItemProxy */ = {
			isa = PBXContainerItemProxy;
			containerPortal = C013F2501BB419A9006D2D5E /* Project object */;
			proxyType = 1;
			remoteGlobalIDString = C013F2571BB419A9006D2D5E;
			remoteInfo = "模型缓存demo";
		};
/* End PBXContainerItemProxy section */

/* Begin PBXFileReference section */
		C013F2581BB419A9006D2D5E /* 模型缓存demo.app */ = {isa = PBXFileReference; explicitFileType = wrapper.application; includeInIndex = 0; path = "模型缓存demo.app"; sourceTree = BUILT_PRODUCTS_DIR; };
		C013F25C1BB419A9006D2D5E /* Info.plist */ = {isa = PBXFileReference; lastKnownFileType = text.plist.xml; path = Info.plist; sourceTree = "<group>"; };
		C013F25D1BB419A9006D2D5E /* main.m */ = {isa = PBXFileReference; lastKnownFileType = sourcecode.c.objc; path = main.m; sourceTree = "<group>"; };
		C013F25F1BB419A9006D2D5E /* AppDelegate.h */ = {isa = PBXFileReference; lastKnownFileType = sourcecode.c.h; path = AppDelegate.h; sourceTree = "<group>"; };
		C013F2601BB419A9006D2D5E /* AppDelegate.m */ = {isa = PBXFileReference; lastKnownFileType = sourcecode.c.objc; path = AppDelegate.m; sourceTree = "<group>"; };
		C013F2621BB419A9006D2D5E /* ViewController.h */ = {isa = PBXFileReference; lastKnownFileType = sourcecode.c.h; path = ViewController.h; sourceTree = "<group>"; };
		C013F2631BB419A9006D2D5E /* ViewController.m */ = {isa = PBXFileReference; lastKnownFileType = sourcecode.c.objc; path = ViewController.m; sourceTree = "<group>"; };
		C013F2661BB419A9006D2D5E /* Base */ = {isa = PBXFileReference; lastKnownFileType = file.storyboard; name = Base; path = Base.lproj/Main.storyboard; sourceTree = "<group>"; };
		C013F2681BB419A9006D2D5E /* Images.xcassets */ = {isa = PBXFileReference; lastKnownFileType = folder.assetcatalog; path = Images.xcassets; sourceTree = "<group>"; };
		C013F26B1BB419A9006D2D5E /* Base */ = {isa = PBXFileReference; lastKnownFileType = file.xib; name = Base; path = Base.lproj/LaunchScreen.xib; sourceTree = "<group>"; };
		C013F2711BB419A9006D2D5E /* 模型缓存demoTests.xctest */ = {isa = PBXFileReference; explicitFileType = wrapper.cfbundle; includeInIndex = 0; path = "模型缓存demoTests.xctest"; sourceTree = BUILT_PRODUCTS_DIR; };
		C013F2761BB419A9006D2D5E /* Info.plist */ = {isa = PBXFileReference; lastKnownFileType = text.plist.xml; path = Info.plist; sourceTree = "<group>"; };
		C013F2771BB419A9006D2D5E /* ____demoTests.m */ = {isa = PBXFileReference; lastKnownFileType = sourcecode.c.objc; path = "____demoTests.m"; sourceTree = "<group>"; };
/* End PBXFileReference section */

/* Begin PBXFrameworksBuildPhase section */
		C013F2551BB419A9006D2D5E /* Frameworks */ = {
			isa = PBXFrameworksBuildPhase;
			buildActionMask = 2147483647;
			files = (
			);
			runOnlyForDeploymentPostprocessing = 0;
		};
		C013F26E1BB419A9006D2D5E /* Frameworks */ = {
			isa = PBXFrameworksBuildPhase;
			buildActionMask = 2147483647;
			files = (
			);
			runOnlyForDeploymentPostprocessing = 0;
		};
/* End PBXFrameworksBuildPhase section */

/* Begin PBXGroup section */
		C013F24F1BB419A9006D2D5E = {
			isa = PBXGroup;
			children = (
				C013F25A1BB419A9006D2D5E /* 模型缓存demo */,
				C013F2741BB419A9006D2D5E /* 模型缓存demoTests */,
				C013F2591BB419A9006D2D5E /* Products */,
			);
			sourceTree = "<group>";
		};
		C013F2591BB419A9006D2D5E /* Products */ = {
			isa = PBXGroup;
			children = (
				C013F2581BB419A9006D2D5E /* 模型缓存demo.app */,
				C013F2711BB419A9006D2D5E /* 模型缓存demoTests.xctest */,
			);
			name = Products;
			sourceTree = "<group>";
		};
		C013F25A1BB419A9006D2D5E /* 模型缓存demo */ = {
			isa = PBXGroup;
			children = (
				C013F25F1BB419A9006D2D5E /* AppDelegate.h */,
				C013F2601BB419A9006D2D5E /* AppDelegate.m */,
				C013F2621BB419A9006D2D5E /* ViewController.h */,
				C013F2631BB419A9006D2D5E /* ViewController.m */,
				C013F2651BB419A9006D2D5E /* Main.storyboard */,
				C013F2681BB419A9006D2D5E /* Images.xcassets */,
				C013F26A1BB419A9006D2D5E /* LaunchScreen.xib */,
				C013F25B1BB419A9006D2D5E /* Supporting Files */,
			);
			path = "模型缓存demo";
			sourceTree = "<group>";
		};
		C013F25B1BB419A9006D2D5E /* Supporting Files */ = {
			isa = PBXGroup;
			children = (
				C013F25C1BB419A9006D2D5E /* Info.plist */,
				C013F25D1BB419A9006D2D5E /* main.m */,
			);
			name = "Supporting Files";
			sourceTree = "<group>";
		};
		C013F2741BB419A9006D2D5E /* 模型缓存demoTests */ = {
			isa = PBXGroup;
			children = (
				C013F2771BB419A9006D2D5E /* ____demoTests.m */,
				C013F2751BB419A9006D2D5E /* Supporting Files */,
			);
			path = "模型缓存demoTests";
			sourceTree = "<group>";
		};
		C013F2751BB419A9006D2D5E /* Supporting Files */ = {
			isa = PBXGroup;
			children = (
				C013F2761BB419A9006D2D5E /* Info.plist */,
			);
			name = "Supporting Files";
			sourceTree = "<group>";
		};
/* End PBXGroup section */

/* Begin PBXNativeTarget section */
		C013F2571BB419A9006D2D5E /* 模型缓存demo */ = {
			isa = PBXNativeTarget;
			buildConfigurationList = C013F27B1BB419A9006D2D5E /* Build configuration list for PBXNativeTarget "模型缓存demo" */;
			buildPhases = (
				C013F2541BB419A9006D2D5E /* Sources */,
				C013F2551BB419A9006D2D5E /* Frameworks */,
				C013F2561BB419A9006D2D5E /* Resources */,
			);
			buildRules = (
			);
			dependencies = (
			);
			name = "模型缓存demo";
			productName = "模型缓存demo";
			productReference = C013F2581BB419A9006D2D5E /* 模型缓存demo.app */;
			productType = "com.apple.product-type.application";
		};
		C013F2701BB419A9006D2D5E /* 模型缓存demoTests */ = {
			isa = PBXNativeTarget;
			buildConfigurationList = C013F27E1BB419A9006D2D5E /* Build configuration list for PBXNativeTarget "模型缓存demoTests" */;
			buildPhases = (
				C013F26D1BB419A9006D2D5E /* Sources */,
				C013F26E1BB419A9006D2D5E /* Frameworks */,
				C013F26F1BB419A9006D2D5E /* Resources */,
			);
			buildRules = (
			);
			dependencies = (
				C013F2731BB419A9006D2D5E /* PBXTargetDependency */,
			);
			name = "模型缓存demoTests";
			productName = "模型缓存demoTests";
			productReference = C013F2711BB419A9006D2D5E /* 模型缓存demoTests.xctest */;
			productType = "com.apple.product-type.bundle.unit-test";
		};
/* End PBXNativeTarget section */

/* Begin PBXProject section */
		C013F2501BB419A9006D2D5E /* Project object */ = {
			isa = PBXProject;
			attributes = {
				LastUpgradeCheck = 0630;
				ORGANIZATIONNAME = "栾有数";
				TargetAttributes = {
					C013F2571BB419A9006D2D5E = {
						CreatedOnToolsVersion = 6.3.2;
					};
					C013F2701BB419A9006D2D5E = {
						CreatedOnToolsVersion = 6.3.2;
						TestTargetID = C013F2571BB419A9006D2D5E;
					};
				};
			};
			buildConfigurationList = C013F2531BB419A9006D2D5E /* Build configuration list for PBXProject "模型缓存demo" */;
			compatibilityVersion = "Xcode 3.2";
			developmentRegion = English;
			hasScannedForEncodings = 0;
			knownRegions = (
				en,
				Base,
			);
			mainGroup = C013F24F1BB419A9006D2D5E;
			productRefGroup = C013F2591BB419A9006D2D5E /* Products */;
			projectDirPath = "";
			projectRoot = "";
			targets = (
				C013F2571BB419A9006D2D5E /* 模型缓存demo */,
				C013F2701BB419A9006D2D5E /* 模型缓存demoTests */,
			);
		};
/* End PBXProject section */

/* Begin PBXResourcesBuildPhase section */
		C013F2561BB419A9006D2D5E /* Resources */ = {
			isa = PBXResourcesBuildPhase;
			buildActionMask = 2147483647;
			files = (
				C013F2671BB419A9006D2D5E /* Main.storyboard in Resources */,
				C013F26C1BB419A9006D2D5E /* LaunchScreen.xib in Resources */,
				C013F2691BB419A9006D2D5E /* Images.xcassets in Resources */,
			);
			runOnlyForDeploymentPostprocessing = 0;
		};
		C013F26F1BB419A9006D2D5E /* Resources */ = {
			isa = PBXResourcesBuildPhase;
			buildActionMask = 2147483647;
			files = (
			);
			runOnlyForDeploymentPostprocessing = 0;
		};
/* End PBXResourcesBuildPhase section */

/* Begin PBXSourcesBuildPhase section */
		C013F2541BB419A9006D2D5E /* Sources */ = {
			isa = PBXSourcesBuildPhase;
			buildActionMask = 2147483647;
			files = (
				C013F2641BB419A9006D2D5E /* ViewController.m in Sources */,
				C013F2611BB419A9006D2D5E /* AppDelegate.m in Sources */,
				C013F25E1BB419A9006D2D5E /* main.m in Sources */,
			);
			runOnlyForDeploymentPostprocessing = 0;
		};
		C013F26D1BB419A9006D2D5E /* Sources */ = {
			isa = PBXSourcesBuildPhase;
			buildActionMask = 2147483647;
			files = (
				C013F2781BB419A9006D2D5E /* ____demoTests.m in Sources */,
			);
			runOnlyForDeploymentPostprocessing = 0;
		};
/* End PBXSourcesBuildPhase section */

/* Begin PBXTargetDependency section */
		C013F2731BB419A9006D2D5E /* PBXTargetDependency */ = {
			isa = PBXTargetDependency;
			target = C013F2571BB419A9006D2D5E /* 模型缓存demo */;
			targetProxy = C013F2721BB419A9006D2D5E /* PBXContainerItemProxy */;
		};
/* End PBXTargetDependency section */

/* Begin PBXVariantGroup section */
		C013F2651BB419A9006D2D5E /* Main.storyboard */ = {
			isa = PBXVariantGroup;
			children = (
				C013F2661BB419A9006D2D5E /* Base */,
			);
			name = Main.storyboard;
			sourceTree = "<group>";
		};
		C013F26A1BB419A9006D2D5E /* LaunchScreen.xib */ = {
			isa = PBXVariantGroup;
			children = (
				C013F26B1BB419A9006D2D5E /* Base */,
			);
			name = LaunchScreen.xib;
			sourceTree = "<group>";
		};
/* End PBXVariantGroup section */

/* Begin XCBuildConfiguration section */
		C013F2791BB419A9006D2D5E /* Debug */ = {
			isa = XCBuildConfiguration;
			buildSettings = {
				ALWAYS_SEARCH_USER_PATHS = NO;
				CLANG_CXX_LANGUAGE_STANDARD = "gnu++0x";
				CLANG_CXX_LIBRARY = "libc++";
				CLANG_ENABLE_MODULES = YES;
				CLANG_ENABLE_OBJC_ARC = YES;
				CLANG_WARN_BOOL_CONVERSION = YES;
				CLANG_WARN_CONSTANT_CONVERSION = YES;
				CLANG_WARN_DIRECT_OBJC_ISA_USAGE = YES_ERROR;
				CLANG_WARN_EMPTY_BODY = YES;
				CLANG_WARN_ENUM_CONVERSION = YES;
				CLANG_WARN_INT_CONVERSION = YES;
				CLANG_WARN_OBJC_ROOT_CLASS = YES_ERROR;
				CLANG_WARN_UNREACHABLE_CODE = YES;
				CLANG_WARN__DUPLICATE_METHOD_MATCH = YES;
				"CODE_SIGN_IDENTITY[sdk=iphoneos*]" = "iPhone Developer";
				COPY_PHASE_STRIP = NO;
				DEBUG_INFORMATION_FORMAT = "dwarf-with-dsym";
				ENABLE_STRICT_OBJC_MSGSEND = YES;
				GCC_C_LANGUAGE_STANDARD = gnu99;
				GCC_DYNAMIC_NO_PIC = NO;
				GCC_NO_COMMON_BLOCKS = YES;
				GCC_OPTIMIZATION_LEVEL = 0;
				GCC_PREPROCESSOR_DEFINITIONS = (
					"DEBUG=1",
					"$(inherited)",
				);
				GCC_SYMBOLS_PRIVATE_EXTERN = NO;
				GCC_WARN_64_TO_32_BIT_CONVERSION = YES;
				GCC_WARN_ABOUT_RETURN_TYPE = YES_ERROR;
				GCC_WARN_UNDECLARED_SELECTOR = YES;
				GCC_WARN_UNINITIALIZED_AUTOS = YES_AGGRESSIVE;
				GCC_WARN_UNUSED_FUNCTION = YES;
				GCC_WARN_UNUSED_VARIABLE = YES;
				IPHONEOS_DEPLOYMENT_TARGET = 8.3;
				MTL_ENABLE_DEBUG_INFO = YES;
				ONLY_ACTIVE_ARCH = YES;
				SDKROOT = iphoneos;
				TARGETED_DEVICE_FAMILY = "1,2";
			};
			name = Debug;
		};
		C013F27A1BB419A9006D2D5E /* Release */ = {
			isa = XCBuildConfiguration;
			buildSettings = {
				ALWAYS_SEARCH_USER_PATHS = NO;
				CLANG_CXX_LANGUAGE_STANDARD = "gnu++0x";
				CLANG_CXX_LIBRARY = "libc++";
				CLANG_ENABLE_MODULES = YES;
				CLANG_ENABLE_OBJC_ARC = YES;
				CLANG_WARN_BOOL_CONVERSION = YES;
				CLANG_WARN_CONSTANT_CONVERSION = YES;
				CLANG_WARN_DIRECT_OBJC_ISA_USAGE = YES_ERROR;
				CLANG_WARN_EMPTY_BODY = YES;
				CLANG_WARN_ENUM_CONVERSION = YES;
				CLANG_WARN_INT_CONVERSION = YES;
				CLANG_WARN_OBJC_ROOT_CLASS = YES_ERROR;
				CLANG_WARN_UNREACHABLE_CODE = YES;
				CLANG_WARN__DUPLICATE_METHOD_MATCH = YES;
				"CODE_SIGN_IDENTITY[sdk=iphoneos*]" = "iPhone Developer";
				COPY_PHASE_STRIP = NO;
				DEBUG_INFORMATION_FORMAT = "dwarf-with-dsym";
				ENABLE_NS_ASSERTIONS = NO;
				ENABLE_STRICT_OBJC_MSGSEND = YES;
				GCC_C_LANGUAGE_STANDARD = gnu99;
				GCC_NO_COMMON_BLOCKS = YES;
				GCC_WARN_64_TO_32_BIT_CONVERSION = YES;
				GCC_WARN_ABOUT_RETURN_TYPE = YES_ERROR;
				GCC_WARN_UNDECLARED_SELECTOR = YES;
				GCC_WARN_UNINITIALIZED_AUTOS = YES_AGGRESSIVE;
				GCC_WARN_UNUSED_FUNCTION = YES;
				GCC_WARN_UNUSED_VARIABLE = YES;
				IPHONEOS_DEPLOYMENT_TARGET = 8.3;
				MTL_ENABLE_DEBUG_INFO = NO;
				SDKROOT = iphoneos;
				TARGETED_DEVICE_FAMILY = "1,2";
				VALIDATE_PRODUCT = YES;
			};
			name = Release;
		};
		C013F27C1BB419A9006D2D5E /* Debug */ = {
			isa = XCBuildConfiguration;
			buildSettings = {
				ASSETCATALOG_COMPILER_APPICON_NAME = AppIcon;
				INFOPLIST_FILE = "模型缓存demo/Info.plist";
				LD_RUNPATH_SEARCH_PATHS = "$(inherited) @executable_path/Frameworks";
				PRODUCT_NAME = "$(TARGET_NAME)";
			};
			name = Debug;
		};
		C013F27D1BB419A9006D2D5E /* Release */ = {
			isa = XCBuildConfiguration;
			buildSettings = {
				ASSETCATALOG_COMPILER_APPICON_NAME = AppIcon;
				INFOPLIST_FILE = "模型缓存demo/Info.plist";
				LD_RUNPATH_SEARCH_PATHS = "$(inherited) @executable_path/Frameworks";
				PRODUCT_NAME = "$(TARGET_NAME)";
			};
			name = Release;
		};
		C013F27F1BB419A9006D2D5E /* Debug */ = {
			isa = XCBuildConfiguration;
			buildSettings = {
				BUNDLE_LOADER = "$(TEST_HOST)";
				FRAMEWORK_SEARCH_PATHS = (
					"$(SDKROOT)/Developer/Library/Frameworks",
					"$(inherited)",
				);
				GCC_PREPROCESSOR_DEFINITIONS = (
					"DEBUG=1",
					"$(inherited)",
				);
				INFOPLIST_FILE = "模型缓存demoTests/Info.plist";
				LD_RUNPATH_SEARCH_PATHS = "$(inherited) @executable_path/Frameworks @loader_path/Frameworks";
				PRODUCT_NAME = "$(TARGET_NAME)";
				TEST_HOST = "$(BUILT_PRODUCTS_DIR)/模型缓存demo.app/模型缓存demo";
			};
			name = Debug;
		};
		C013F2801BB419A9006D2D5E /* Release */ = {
			isa = XCBuildConfiguration;
			buildSettings = {
				BUNDLE_LOADER = "$(TEST_HOST)";
				FRAMEWORK_SEARCH_PATHS = (
					"$(SDKROOT)/Developer/Library/Frameworks",
					"$(inherited)",
				);
				INFOPLIST_FILE = "模型缓存demoTests/Info.plist";
				LD_RUNPATH_SEARCH_PATHS = "$(inherited) @executable_path/Frameworks @loader_path/Frameworks";
				PRODUCT_NAME = "$(TARGET_NAME)";
				TEST_HOST = "$(BUILT_PRODUCTS_DIR)/模型缓存demo.app/模型缓存demo";
			};
			name = Release;
		};
/* End XCBuildConfiguration section */

/* Begin XCConfigurationList section */
		C013F2531BB419A9006D2D5E /* Build configuration list for PBXProject "模型缓存demo" */ = {
			isa = XCConfigurationList;
			buildConfigurations = (
				C013F2791BB419A9006D2D5E /* Debug */,
				C013F27A1BB419A9006D2D5E /* Release */,
			);
			defaultConfigurationIsVisible = 0;
			defaultConfigurationName = Release;
		};
		C013F27B1BB419A9006D2D5E /* Build configuration list for PBXNativeTarget "模型缓存demo" */ = {
			isa = XCConfigurationList;
			buildConfigurations = (
				C013F27C1BB419A9006D2D5E /* Debug */,
				C013F27D1BB419A9006D2D5E /* Release */,
			);
			defaultConfigurationIsVisible = 0;
		};
		C013F27E1BB419A9006D2D5E /* Build configuration list for PBXNativeTarget "模型缓存demoTests" */ = {
			isa = XCConfigurationList;
			buildConfigurations = (
				C013F27F1BB419A9006D2D5E /* Debug */,
				C013F2801BB419A9006D2D5E /* Release */,
			);
			defaultConfigurationIsVisible = 0;
		};
/* End XCConfigurationList section */
	};
	rootObject = C013F2501BB419A9006D2D5E /* Project object */;
}
